
Microsoft Visual Studio Solution File, Format Version 12.00
# Visual Studio Version 17
VisualStudioVersion = 17.14.36401.2 d17.14
MinimumVisualStudioVersion = 10.0.40219.1
Project("{FAE04EC0-301F-11D3-BF4B-00C04F79EFBC}") = "NTech.Blazor", "NTech.Blazor\NTech.Blazor.csproj", "{9A308523-D8B4-452B-8087-C98ADC3FD9F3}"
EndProject
Project("{FAE04EC0-301F-11D3-BF4B-00C04F79EFBC}") = "NTech.DemoApp", "NTech.DemoApp\NTech.DemoApp.csproj", "{C53DAE91-80B0-421B-BB36-6FFB8E9A636D}"
EndProject
Global
	GlobalSection(SolutionConfigurationPlatforms) = preSolution
		Debug|Any CPU = Debug|Any CPU
		Release|Any CPU = Release|Any CPU
	EndGlobalSection
	GlobalSection(ProjectConfigurationPlatforms) = postSolution
		{9A308523-D8B4-452B-8087-C98ADC3FD9F3}.Debug|Any CPU.ActiveCfg = Debug|Any CPU
		{9A308523-D8B4-452B-8087-C98ADC3FD9F3}.Debug|Any CPU.Build.0 = Debug|Any CPU
		{9A308523-D8B4-452B-8087-C98ADC3FD9F3}.Release|Any CPU.ActiveCfg = Release|Any CPU
		{9A308523-D8B4-452B-8087-C98ADC3FD9F3}.Release|Any CPU.Build.0 = Release|Any CPU
		{C53DAE91-80B0-421B-BB36-6FFB8E9A636D}.Debug|Any CPU.ActiveCfg = Debug|Any CPU
		{C53DAE91-80B0-421B-BB36-6FFB8E9A636D}.Debug|Any CPU.Build.0 = Debug|Any CPU
		{C53DAE91-80B0-421B-BB36-6FFB8E9A636D}.Release|Any CPU.ActiveCfg = Release|Any CPU
		{C53DAE91-80B0-421B-BB36-6FFB8E9A636D}.Release|Any CPU.Build.0 = Release|Any CPU
	EndGlobalSection
	GlobalSection(SolutionProperties) = preSolution
		HideSolutionNode = FALSE
	EndGlobalSection
	GlobalSection(ExtensibilityGlobals) = postSolution
		SolutionGuid = {F87A1B24-E30F-4C41-B254-74EC122796B8}
	EndGlobalSection
EndGlobal
